// !$*UTF8*$!
{
	archiveVersion = 1;
	classes = {
	};
	objectVersion = 46;
	objects = {

/* Begin PBXBuildFile section */
		477FC9D71A622EC9002A5D27 /* QuartzCore.framework in Frameworks */ = {isa = PBXBuildFile; fileRef = 477FC9D61A622EC9002A5D27 /* QuartzCore.framework */; };
		4C00CFB91A622F2C00928F1D /* PictureViewController.m in Sources */ = {isa = PBXBuildFile; fileRef = 4C00CFB81A622F2C00928F1D /* PictureViewController.m */; };
		4C00CFBC1A6232C300928F1D /* NameEnterViewController.m in Sources */ = {isa = PBXBuildFile; fileRef = 4C00CFBB1A6232C300928F1D /* NameEnterViewController.m */; };
		4C00CFBF1A62349800928F1D /* TableViewController.m in Sources */ = {isa = PBXBuildFile; fileRef = 4C00CFBE1A62349800928F1D /* TableViewController.m */; };
		4CA61A5B1A624B0900DCEB95 /* Entypo_27f2(0)_512.png in Resources */ = {isa = PBXBuildFile; fileRef = 4CA61A5A1A624B0900DCEB95 /* Entypo_27f2(0)_512.png */; };
		4CD37C8D1A627035003366D6 /* UserTableViewCell.m in Sources */ = {isa = PBXBuildFile; fileRef = 4CD37C8C1A627035003366D6 /* UserTableViewCell.m */; };
		4CD437491A614149003D05C5 /* main.m in Sources */ = {isa = PBXBuildFile; fileRef = 4CD437481A614149003D05C5 /* main.m */; };
		4CD4374C1A614149003D05C5 /* AppDelegate.m in Sources */ = {isa = PBXBuildFile; fileRef = 4CD4374B1A614149003D05C5 /* AppDelegate.m */; };
		4CD4374F1A614149003D05C5 /* PeopleNumberViewController.m in Sources */ = {isa = PBXBuildFile; fileRef = 4CD4374E1A614149003D05C5 /* PeopleNumberViewController.m */; };
		4CD437521A614149003D05C5 /* Main.storyboard in Resources */ = {isa = PBXBuildFile; fileRef = 4CD437501A614149003D05C5 /* Main.storyboard */; };
		4CD437541A614149003D05C5 /* Images.xcassets in Resources */ = {isa = PBXBuildFile; fileRef = 4CD437531A614149003D05C5 /* Images.xcassets */; };
		4CD437571A614149003D05C5 /* LaunchScreen.xib in Resources */ = {isa = PBXBuildFile; fileRef = 4CD437551A614149003D05C5 /* LaunchScreen.xib */; };
		4CD437631A614149003D05C5 /* cameraTestTests.m in Sources */ = {isa = PBXBuildFile; fileRef = 4CD437621A614149003D05C5 /* cameraTestTests.m */; };
		4CD4376D1A614158003D05C5 /* MobileCoreServices.framework in Frameworks */ = {isa = PBXBuildFile; fileRef = 4CD4376C1A614158003D05C5 /* MobileCoreServices.framework */; };
		A528F5061A61B85500ACFA60 /* tessdata in Resources */ = {isa = PBXBuildFile; fileRef = A528F5051A61B85500ACFA60 /* tessdata */; };
		A53E79601A63019B003ADCCE /* ProcessingViewController.m in Sources */ = {isa = PBXBuildFile; fileRef = A53E795F1A63019B003ADCCE /* ProcessingViewController.m */; };
		A5475DCC1A628AF400F1D873 /* FinalViewController.m in Sources */ = {isa = PBXBuildFile; fileRef = A5475DCB1A628AF400F1D873 /* FinalViewController.m */; };
		A54853761A622AF300DD3078 /* Receipts.m in Sources */ = {isa = PBXBuildFile; fileRef = A54853751A622AF300DD3078 /* Receipts.m */; };
		A54DF9841A624872002719CA /* Users.m in Sources */ = {isa = PBXBuildFile; fileRef = A54DF9831A624872002719CA /* Users.m */; };
		D582A29B26FCAC5FE868E5D2 /* libPods.a in Frameworks */ = {isa = PBXBuildFile; fileRef = 264E782A56ADA47DCB2D5494 /* libPods.a */; };
/* End PBXBuildFile section */

/* Begin PBXContainerItemProxy section */
		4CD4375D1A614149003D05C5 /* PBXContainerItemProxy */ = {
			isa = PBXContainerItemProxy;
			containerPortal = 4CD4373B1A614149003D05C5 /* Project object */;
			proxyType = 1;
			remoteGlobalIDString = 4CD437421A614149003D05C5;
			remoteInfo = cameraTest;
		};
/* End PBXContainerItemProxy section */

/* Begin PBXFileReference section */
		264E782A56ADA47DCB2D5494 /* libPods.a */ = {isa = PBXFileReference; explicitFileType = archive.ar; includeInIndex = 0; path = libPods.a; sourceTree = BUILT_PRODUCTS_DIR; };
		477FC9D61A622EC9002A5D27 /* QuartzCore.framework */ = {isa = PBXFileReference; lastKnownFileType = wrapper.framework; name = QuartzCore.framework; path = System/Library/Frameworks/QuartzCore.framework; sourceTree = SDKROOT; };
		4C00CFB71A622F2C00928F1D /* PictureViewController.h */ = {isa = PBXFileReference; fileEncoding = 4; lastKnownFileType = sourcecode.c.h; path = PictureViewController.h; sourceTree = "<group>"; };
		4C00CFB81A622F2C00928F1D /* PictureViewController.m */ = {isa = PBXFileReference; fileEncoding = 4; lastKnownFileType = sourcecode.c.objc; path = PictureViewController.m; sourceTree = "<group>"; };
		4C00CFBA1A6232C300928F1D /* NameEnterViewController.h */ = {isa = PBXFileReference; fileEncoding = 4; lastKnownFileType = sourcecode.c.h; path = NameEnterViewController.h; sourceTree = "<group>"; };
		4C00CFBB1A6232C300928F1D /* NameEnterViewController.m */ = {isa = PBXFileReference; fileEncoding = 4; lastKnownFileType = sourcecode.c.objc; path = NameEnterViewController.m; sourceTree = "<group>"; };
		4C00CFBD1A62349800928F1D /* TableViewController.h */ = {isa = PBXFileReference; fileEncoding = 4; lastKnownFileType = sourcecode.c.h; path = TableViewController.h; sourceTree = "<group>"; };
		4C00CFBE1A62349800928F1D /* TableViewController.m */ = {isa = PBXFileReference; fileEncoding = 4; lastKnownFileType = sourcecode.c.objc; path = TableViewController.m; sourceTree = "<group>"; };
		4CA61A5A1A624B0900DCEB95 /* Entypo_27f2(0)_512.png */ = {isa = PBXFileReference; lastKnownFileType = image.png; name = "Entypo_27f2(0)_512.png"; path = "Images.xcassets/Entypo_27f2(0)_512.png"; sourceTree = "<group>"; };
		4CD37C8B1A627035003366D6 /* UserTableViewCell.h */ = {isa = PBXFileReference; fileEncoding = 4; lastKnownFileType = sourcecode.c.h; path = UserTableViewCell.h; sourceTree = "<group>"; };
		4CD37C8C1A627035003366D6 /* UserTableViewCell.m */ = {isa = PBXFileReference; fileEncoding = 4; lastKnownFileType = sourcecode.c.objc; path = UserTableViewCell.m; sourceTree = "<group>"; };
		4CD437431A614149003D05C5 /* Splitr.app */ = {isa = PBXFileReference; explicitFileType = wrapper.application; includeInIndex = 0; path = Splitr.app; sourceTree = BUILT_PRODUCTS_DIR; };
		4CD437471A614149003D05C5 /* Info.plist */ = {isa = PBXFileReference; lastKnownFileType = text.plist.xml; path = Info.plist; sourceTree = "<group>"; };
		4CD437481A614149003D05C5 /* main.m */ = {isa = PBXFileReference; lastKnownFileType = sourcecode.c.objc; path = main.m; sourceTree = "<group>"; };
		4CD4374A1A614149003D05C5 /* AppDelegate.h */ = {isa = PBXFileReference; lastKnownFileType = sourcecode.c.h; path = AppDelegate.h; sourceTree = "<group>"; };
		4CD4374B1A614149003D05C5 /* AppDelegate.m */ = {isa = PBXFileReference; lastKnownFileType = sourcecode.c.objc; path = AppDelegate.m; sourceTree = "<group>"; };
		4CD4374D1A614149003D05C5 /* PeopleNumberViewController.h */ = {isa = PBXFileReference; lastKnownFileType = sourcecode.c.h; path = PeopleNumberViewController.h; sourceTree = "<group>"; };
		4CD4374E1A614149003D05C5 /* PeopleNumberViewController.m */ = {isa = PBXFileReference; lastKnownFileType = sourcecode.c.objc; path = PeopleNumberViewController.m; sourceTree = "<group>"; };
		4CD437511A614149003D05C5 /* Base */ = {isa = PBXFileReference; lastKnownFileType = file.storyboard; name = Base; path = Base.lproj/Main.storyboard; sourceTree = "<group>"; };
		4CD437531A614149003D05C5 /* Images.xcassets */ = {isa = PBXFileReference; lastKnownFileType = folder.assetcatalog; path = Images.xcassets; sourceTree = "<group>"; };
		4CD437561A614149003D05C5 /* Base */ = {isa = PBXFileReference; lastKnownFileType = file.xib; name = Base; path = Base.lproj/LaunchScreen.xib; sourceTree = "<group>"; };
		4CD4375C1A614149003D05C5 /* SplitrTests.xctest */ = {isa = PBXFileReference; explicitFileType = wrapper.cfbundle; includeInIndex = 0; path = SplitrTests.xctest; sourceTree = BUILT_PRODUCTS_DIR; };
		4CD437611A614149003D05C5 /* Info.plist */ = {isa = PBXFileReference; lastKnownFileType = text.plist.xml; path = Info.plist; sourceTree = "<group>"; };
		4CD437621A614149003D05C5 /* cameraTestTests.m */ = {isa = PBXFileReference; lastKnownFileType = sourcecode.c.objc; path = cameraTestTests.m; sourceTree = "<group>"; };
		4CD4376C1A614158003D05C5 /* MobileCoreServices.framework */ = {isa = PBXFileReference; lastKnownFileType = wrapper.framework; name = MobileCoreServices.framework; path = System/Library/Frameworks/MobileCoreServices.framework; sourceTree = SDKROOT; };
		9226C6045BD810B57CB601B7 /* Pods.release.xcconfig */ = {isa = PBXFileReference; includeInIndex = 1; lastKnownFileType = text.xcconfig; name = Pods.release.xcconfig; path = "Pods/Target Support Files/Pods/Pods.release.xcconfig"; sourceTree = "<group>"; };
		A528F5051A61B85500ACFA60 /* tessdata */ = {isa = PBXFileReference; lastKnownFileType = folder; path = tessdata; sourceTree = "<group>"; };
		A53E795E1A63019B003ADCCE /* ProcessingViewController.h */ = {isa = PBXFileReference; fileEncoding = 4; lastKnownFileType = sourcecode.c.h; path = ProcessingViewController.h; sourceTree = "<group>"; };
		A53E795F1A63019B003ADCCE /* ProcessingViewController.m */ = {isa = PBXFileReference; fileEncoding = 4; lastKnownFileType = sourcecode.c.objc; path = ProcessingViewController.m; sourceTree = "<group>"; };
		A5475DCB1A628AF400F1D873 /* FinalViewController.m */ = {isa = PBXFileReference; fileEncoding = 4; lastKnownFileType = sourcecode.c.objc; path = FinalViewController.m; sourceTree = "<group>"; };
		A5475DCD1A628AFF00F1D873 /* FinalViewController.h */ = {isa = PBXFileReference; lastKnownFileType = sourcecode.c.h; path = FinalViewController.h; sourceTree = "<group>"; };
		A54853741A622ADC00DD3078 /* Receipts.h */ = {isa = PBXFileReference; lastKnownFileType = sourcecode.c.h; path = Receipts.h; sourceTree = "<group>"; };
		A54853751A622AF300DD3078 /* Receipts.m */ = {isa = PBXFileReference; fileEncoding = 4; lastKnownFileType = sourcecode.c.objc; path = Receipts.m; sourceTree = "<group>"; };
		A54DF9831A624872002719CA /* Users.m */ = {isa = PBXFileReference; fileEncoding = 4; lastKnownFileType = sourcecode.c.objc; path = Users.m; sourceTree = "<group>"; };
		A54DF9851A624AA0002719CA /* Users.h */ = {isa = PBXFileReference; lastKnownFileType = sourcecode.c.h; path = Users.h; sourceTree = "<group>"; };
		A55A30C11A62008600C5135A /* secrets.h */ = {isa = PBXFileReference; lastKnownFileType = sourcecode.c.h; path = secrets.h; sourceTree = "<group>"; };
		B2C65F9978A55165F4D8F8E4 /* Pods.debug.xcconfig */ = {isa = PBXFileReference; includeInIndex = 1; lastKnownFileType = text.xcconfig; name = Pods.debug.xcconfig; path = "Pods/Target Support Files/Pods/Pods.debug.xcconfig"; sourceTree = "<group>"; };
/* End PBXFileReference section */

/* Begin PBXFrameworksBuildPhase section */
		4CD437401A614149003D05C5 /* Frameworks */ = {
			isa = PBXFrameworksBuildPhase;
			buildActionMask = 2147483647;
			files = (
				477FC9D71A622EC9002A5D27 /* QuartzCore.framework in Frameworks */,
				4CD4376D1A614158003D05C5 /* MobileCoreServices.framework in Frameworks */,
				D582A29B26FCAC5FE868E5D2 /* libPods.a in Frameworks */,
			);
			runOnlyForDeploymentPostprocessing = 0;
		};
		4CD437591A614149003D05C5 /* Frameworks */ = {
			isa = PBXFrameworksBuildPhase;
			buildActionMask = 2147483647;
			files = (
			);
			runOnlyForDeploymentPostprocessing = 0;
		};
/* End PBXFrameworksBuildPhase section */

/* Begin PBXGroup section */
		2DE0C10105F355E3D733C9CC /* Pods */ = {
			isa = PBXGroup;
			children = (
				B2C65F9978A55165F4D8F8E4 /* Pods.debug.xcconfig */,
				9226C6045BD810B57CB601B7 /* Pods.release.xcconfig */,
			);
			name = Pods;
			sourceTree = "<group>";
		};
		4CD4373A1A614149003D05C5 = {
			isa = PBXGroup;
			children = (
				A528F5051A61B85500ACFA60 /* tessdata */,
				4CD4376C1A614158003D05C5 /* MobileCoreServices.framework */,
				4CD437451A614149003D05C5 /* cameraTest */,
				4CD4375F1A614149003D05C5 /* cameraTestTests */,
				4CD437441A614149003D05C5 /* Products */,
				2DE0C10105F355E3D733C9CC /* Pods */,
				70600098F61183454F1AA097 /* Frameworks */,
			);
			sourceTree = "<group>";
		};
		4CD437441A614149003D05C5 /* Products */ = {
			isa = PBXGroup;
			children = (
				4CD437431A614149003D05C5 /* Splitr.app */,
				4CD4375C1A614149003D05C5 /* SplitrTests.xctest */,
			);
			name = Products;
			sourceTree = "<group>";
		};
		4CD437451A614149003D05C5 /* cameraTest */ = {
			isa = PBXGroup;
			children = (
				4CD4374D1A614149003D05C5 /* PeopleNumberViewController.h */,
				4CD4374E1A614149003D05C5 /* PeopleNumberViewController.m */,
				A53E795E1A63019B003ADCCE /* ProcessingViewController.h */,
				A53E795F1A63019B003ADCCE /* ProcessingViewController.m */,
				A5475DCB1A628AF400F1D873 /* FinalViewController.m */,
				A5475DCD1A628AFF00F1D873 /* FinalViewController.h */,
				4C00CFBA1A6232C300928F1D /* NameEnterViewController.h */,
				4C00CFBB1A6232C300928F1D /* NameEnterViewController.m */,
				4C00CFB71A622F2C00928F1D /* PictureViewController.h */,
				4C00CFB81A622F2C00928F1D /* PictureViewController.m */,
				4C00CFBD1A62349800928F1D /* TableViewController.h */,
				4C00CFBE1A62349800928F1D /* TableViewController.m */,
				4CD37C8B1A627035003366D6 /* UserTableViewCell.h */,
				4CD37C8C1A627035003366D6 /* UserTableViewCell.m */,
				4CD437501A614149003D05C5 /* Main.storyboard */,
				4CD437531A614149003D05C5 /* Images.xcassets */,
				4CA61A5A1A624B0900DCEB95 /* Entypo_27f2(0)_512.png */,
				4CD437551A614149003D05C5 /* LaunchScreen.xib */,
				4CD437461A614149003D05C5 /* Supporting Files */,
				A55A30C11A62008600C5135A /* secrets.h */,
				A54853741A622ADC00DD3078 /* Receipts.h */,
				A54853751A622AF300DD3078 /* Receipts.m */,
				A54DF9831A624872002719CA /* Users.m */,
				A54DF9851A624AA0002719CA /* Users.h */,
			);
			path = cameraTest;
			sourceTree = "<group>";
		};
		4CD437461A614149003D05C5 /* Supporting Files */ = {
			isa = PBXGroup;
			children = (
				4CD4374A1A614149003D05C5 /* AppDelegate.h */,
				4CD4374B1A614149003D05C5 /* AppDelegate.m */,
				4CD437471A614149003D05C5 /* Info.plist */,
				4CD437481A614149003D05C5 /* main.m */,
			);
			name = "Supporting Files";
			sourceTree = "<group>";
		};
		4CD4375F1A614149003D05C5 /* cameraTestTests */ = {
			isa = PBXGroup;
			children = (
				4CD437621A614149003D05C5 /* cameraTestTests.m */,
				4CD437601A614149003D05C5 /* Supporting Files */,
			);
			path = cameraTestTests;
			sourceTree = "<group>";
		};
		4CD437601A614149003D05C5 /* Supporting Files */ = {
			isa = PBXGroup;
			children = (
				4CD437611A614149003D05C5 /* Info.plist */,
			);
			name = "Supporting Files";
			sourceTree = "<group>";
		};
		70600098F61183454F1AA097 /* Frameworks */ = {
			isa = PBXGroup;
			children = (
				477FC9D61A622EC9002A5D27 /* QuartzCore.framework */,
				264E782A56ADA47DCB2D5494 /* libPods.a */,
			);
			name = Frameworks;
			sourceTree = "<group>";
		};
/* End PBXGroup section */

/* Begin PBXNativeTarget section */
		4CD437421A614149003D05C5 /* Splitr */ = {
			isa = PBXNativeTarget;
			buildConfigurationList = 4CD437661A614149003D05C5 /* Build configuration list for PBXNativeTarget "Splitr" */;
			buildPhases = (
				BE2400B3DE18C087FE736EBC /* Check Pods Manifest.lock */,
				4CD4373F1A614149003D05C5 /* Sources */,
				4CD437401A614149003D05C5 /* Frameworks */,
				4CD437411A614149003D05C5 /* Resources */,
				C6F09BD692098AF7EA6DC767 /* Copy Pods Resources */,
			);
			buildRules = (
			);
			dependencies = (
			);
			name = Splitr;
			productName = cameraTest;
			productReference = 4CD437431A614149003D05C5 /* Splitr.app */;
			productType = "com.apple.product-type.application";
		};
		4CD4375B1A614149003D05C5 /* SplitrTests */ = {
			isa = PBXNativeTarget;
			buildConfigurationList = 4CD437691A614149003D05C5 /* Build configuration list for PBXNativeTarget "SplitrTests" */;
			buildPhases = (
				4CD437581A614149003D05C5 /* Sources */,
				4CD437591A614149003D05C5 /* Frameworks */,
				4CD4375A1A614149003D05C5 /* Resources */,
			);
			buildRules = (
			);
			dependencies = (
				4CD4375E1A614149003D05C5 /* PBXTargetDependency */,
			);
			name = SplitrTests;
			productName = cameraTestTests;
			productReference = 4CD4375C1A614149003D05C5 /* SplitrTests.xctest */;
			productType = "com.apple.product-type.bundle.unit-test";
		};
/* End PBXNativeTarget section */

/* Begin PBXProject section */
		4CD4373B1A614149003D05C5 /* Project object */ = {
			isa = PBXProject;
			attributes = {
				LastUpgradeCheck = 0730;
				ORGANIZATIONNAME = "Michael Chen";
				TargetAttributes = {
					4CD437421A614149003D05C5 = {
						CreatedOnToolsVersion = 6.1.1;
						DevelopmentTeam = 6C88GMMW6N;
					};
					4CD4375B1A614149003D05C5 = {
						CreatedOnToolsVersion = 6.1.1;
						TestTargetID = 4CD437421A614149003D05C5;
					};
				};
			};
			buildConfigurationList = 4CD4373E1A614149003D05C5 /* Build configuration list for PBXProject "Splitr" */;
			compatibilityVersion = "Xcode 3.2";
			developmentRegion = English;
			hasScannedForEncodings = 0;
			knownRegions = (
				en,
				Base,
			);
			mainGroup = 4CD4373A1A614149003D05C5;
			productRefGroup = 4CD437441A614149003D05C5 /* Products */;
			projectDirPath = "";
			projectRoot = "";
			targets = (
				4CD437421A614149003D05C5 /* Splitr */,
				4CD4375B1A614149003D05C5 /* SplitrTests */,
			);
		};
/* End PBXProject section */

/* Begin PBXResourcesBuildPhase section */
		4CD437411A614149003D05C5 /* Resources */ = {
			isa = PBXResourcesBuildPhase;
			buildActionMask = 2147483647;
			files = (
				4CA61A5B1A624B0900DCEB95 /* Entypo_27f2(0)_512.png in Resources */,
				4CD437521A614149003D05C5 /* Main.storyboard in Resources */,
				A528F5061A61B85500ACFA60 /* tessdata in Resources */,
				4CD437571A614149003D05C5 /* LaunchScreen.xib in Resources */,
				4CD437541A614149003D05C5 /* Images.xcassets in Resources */,
			);
			runOnlyForDeploymentPostprocessing = 0;
		};
		4CD4375A1A614149003D05C5 /* Resources */ = {
			isa = PBXResourcesBuildPhase;
			buildActionMask = 2147483647;
			files = (
			);
			runOnlyForDeploymentPostprocessing = 0;
		};
/* End PBXResourcesBuildPhase section */

/* Begin PBXShellScriptBuildPhase section */
		BE2400B3DE18C087FE736EBC /* Check Pods Manifest.lock */ = {
			isa = PBXShellScriptBuildPhase;
			buildActionMask = 2147483647;
			files = (
			);
			inputPaths = (
			);
			name = "Check Pods Manifest.lock";
			outputPaths = (
			);
			runOnlyForDeploymentPostprocessing = 0;
			shellPath = /bin/sh;
			shellScript = "diff \"${PODS_ROOT}/../Podfile.lock\" \"${PODS_ROOT}/Manifest.lock\" > /dev/null\nif [[ $? != 0 ]] ; then\n    cat << EOM\nerror: The sandbox is not in sync with the Podfile.lock. Run 'pod install' or update your CocoaPods installation.\nEOM\n    exit 1\nfi\n";
			showEnvVarsInLog = 0;
		};
		C6F09BD692098AF7EA6DC767 /* Copy Pods Resources */ = {
			isa = PBXShellScriptBuildPhase;
			buildActionMask = 2147483647;
			files = (
			);
			inputPaths = (
			);
			name = "Copy Pods Resources";
			outputPaths = (
			);
			runOnlyForDeploymentPostprocessing = 0;
			shellPath = /bin/sh;
			shellScript = "\"${SRCROOT}/Pods/Target Support Files/Pods/Pods-resources.sh\"\n";
			showEnvVarsInLog = 0;
		};
/* End PBXShellScriptBuildPhase section */

/* Begin PBXSourcesBuildPhase section */
		4CD4373F1A614149003D05C5 /* Sources */ = {
			isa = PBXSourcesBuildPhase;
			buildActionMask = 2147483647;
			files = (
				A54DF9841A624872002719CA /* Users.m in Sources */,
				A53E79601A63019B003ADCCE /* ProcessingViewController.m in Sources */,
				A54853761A622AF300DD3078 /* Receipts.m in Sources */,
				A5475DCC1A628AF400F1D873 /* FinalViewController.m in Sources */,
				4C00CFBC1A6232C300928F1D /* NameEnterViewController.m in Sources */,
				4CD37C8D1A627035003366D6 /* UserTableViewCell.m in Sources */,
				4C00CFB91A622F2C00928F1D /* PictureViewController.m in Sources */,
				4CD4374F1A614149003D05C5 /* PeopleNumberViewController.m in Sources */,
				4CD4374C1A614149003D05C5 /* AppDelegate.m in Sources */,
				4CD437491A614149003D05C5 /* main.m in Sources */,
				4C00CFBF1A62349800928F1D /* TableViewController.m in Sources */,
			);
			runOnlyForDeploymentPostprocessing = 0;
		};
		4CD437581A614149003D05C5 /* Sources */ = {
			isa = PBXSourcesBuildPhase;
			buildActionMask = 2147483647;
			files = (
				4CD437631A614149003D05C5 /* cameraTestTests.m in Sources */,
			);
			runOnlyForDeploymentPostprocessing = 0;
		};
/* End PBXSourcesBuildPhase section */

/* Begin PBXTargetDependency section */
		4CD4375E1A614149003D05C5 /* PBXTargetDependency */ = {
			isa = PBXTargetDependency;
			target = 4CD437421A614149003D05C5 /* Splitr */;
			targetProxy = 4CD4375D1A614149003D05C5 /* PBXContainerItemProxy */;
		};
/* End PBXTargetDependency section */

/* Begin PBXVariantGroup section */
		4CD437501A614149003D05C5 /* Main.storyboard */ = {
			isa = PBXVariantGroup;
			children = (
				4CD437511A614149003D05C5 /* Base */,
			);
			name = Main.storyboard;
			sourceTree = "<group>";
		};
		4CD437551A614149003D05C5 /* LaunchScreen.xib */ = {
			isa = PBXVariantGroup;
			children = (
				4CD437561A614149003D05C5 /* Base */,
			);
			name = LaunchScreen.xib;
			sourceTree = "<group>";
		};
/* End PBXVariantGroup section */

/* Begin XCBuildConfiguration section */
		4CD437641A614149003D05C5 /* Debug */ = {
			isa = XCBuildConfiguration;
			buildSettings = {
				ALWAYS_SEARCH_USER_PATHS = NO;
				CLANG_CXX_LANGUAGE_STANDARD = "gnu++0x";
				CLANG_CXX_LIBRARY = "libc++";
				CLANG_ENABLE_MODULES = YES;
				CLANG_ENABLE_OBJC_ARC = YES;
				CLANG_WARN_BOOL_CONVERSION = YES;
				CLANG_WARN_CONSTANT_CONVERSION = YES;
				CLANG_WARN_DIRECT_OBJC_ISA_USAGE = YES_ERROR;
				CLANG_WARN_EMPTY_BODY = YES;
				CLANG_WARN_ENUM_CONVERSION = YES;
				CLANG_WARN_INT_CONVERSION = YES;
				CLANG_WARN_OBJC_ROOT_CLASS = YES_ERROR;
				CLANG_WARN_UNREACHABLE_CODE = YES;
				CLANG_WARN__DUPLICATE_METHOD_MATCH = YES;
				"CODE_SIGN_IDENTITY[sdk=iphoneos*]" = "iPhone Developer";
				COPY_PHASE_STRIP = NO;
				ENABLE_STRICT_OBJC_MSGSEND = YES;
				ENABLE_TESTABILITY = YES;
				GCC_C_LANGUAGE_STANDARD = gnu99;
				GCC_DYNAMIC_NO_PIC = NO;
				GCC_OPTIMIZATION_LEVEL = 0;
				GCC_PREPROCESSOR_DEFINITIONS = (
					"DEBUG=1",
					"$(inherited)",
				);
				GCC_SYMBOLS_PRIVATE_EXTERN = NO;
				GCC_WARN_64_TO_32_BIT_CONVERSION = YES;
				GCC_WARN_ABOUT_RETURN_TYPE = YES_ERROR;
				GCC_WARN_UNDECLARED_SELECTOR = YES;
				GCC_WARN_UNINITIALIZED_AUTOS = YES_AGGRESSIVE;
				GCC_WARN_UNUSED_FUNCTION = YES;
				GCC_WARN_UNUSED_VARIABLE = YES;
				IPHONEOS_DEPLOYMENT_TARGET = 9.3;
				MTL_ENABLE_DEBUG_INFO = YES;
				ONLY_ACTIVE_ARCH = YES;
				SDKROOT = iphoneos;
			};
			name = Debug;
		};
		4CD437651A614149003D05C5 /* Release */ = {
			isa = XCBuildConfiguration;
			buildSettings = {
				ALWAYS_SEARCH_USER_PATHS = NO;
				CLANG_CXX_LANGUAGE_STANDARD = "gnu++0x";
				CLANG_CXX_LIBRARY = "libc++";
				CLANG_ENABLE_MODULES = YES;
				CLANG_ENABLE_OBJC_ARC = YES;
				CLANG_WARN_BOOL_CONVERSION = YES;
				CLANG_WARN_CONSTANT_CONVERSION = YES;
				CLANG_WARN_DIRECT_OBJC_ISA_USAGE = YES_ERROR;
				CLANG_WARN_EMPTY_BODY = YES;
				CLANG_WARN_ENUM_CONVERSION = YES;
				CLANG_WARN_INT_CONVERSION = YES;
				CLANG_WARN_OBJC_ROOT_CLASS = YES_ERROR;
				CLANG_WARN_UNREACHABLE_CODE = YES;
				CLANG_WARN__DUPLICATE_METHOD_MATCH = YES;
				"CODE_SIGN_IDENTITY[sdk=iphoneos*]" = "iPhone Developer";
				COPY_PHASE_STRIP = YES;
				ENABLE_NS_ASSERTIONS = NO;
				ENABLE_STRICT_OBJC_MSGSEND = YES;
				GCC_C_LANGUAGE_STANDARD = gnu99;
				GCC_WARN_64_TO_32_BIT_CONVERSION = YES;
				GCC_WARN_ABOUT_RETURN_TYPE = YES_ERROR;
				GCC_WARN_UNDECLARED_SELECTOR = YES;
				GCC_WARN_UNINITIALIZED_AUTOS = YES_AGGRESSIVE;
				GCC_WARN_UNUSED_FUNCTION = YES;
				GCC_WARN_UNUSED_VARIABLE = YES;
				IPHONEOS_DEPLOYMENT_TARGET = 9.3;
				MTL_ENABLE_DEBUG_INFO = NO;
				SDKROOT = iphoneos;
				VALIDATE_PRODUCT = YES;
			};
			name = Release;
		};
		4CD437671A614149003D05C5 /* Debug */ = {
			isa = XCBuildConfiguration;
			baseConfigurationReference = B2C65F9978A55165F4D8F8E4 /* Pods.debug.xcconfig */;
			buildSettings = {
				ALWAYS_SEARCH_USER_PATHS = NO;
				ASSETCATALOG_COMPILER_APPICON_NAME = AppIcon;
				CODE_SIGN_IDENTITY = "iPhone Developer";
				ENABLE_BITCODE = NO;
				FRAMEWORK_SEARCH_PATHS = "\"$(PODS_ROOT)/TesseractOCRiOS/Products\"/**";
				INFOPLIST_FILE = cameraTest/Info.plist;
				IPHONEOS_DEPLOYMENT_TARGET = 9.0;
				LD_RUNPATH_SEARCH_PATHS = "$(inherited) @executable_path/Frameworks";
				PRODUCT_BUNDLE_IDENTIFIER = "com.example.$(PRODUCT_NAME:rfc1034identifier)";
				PRODUCT_NAME = Splitr;
			};
			name = Debug;
		};
		4CD437681A614149003D05C5 /* Release */ = {
			isa = XCBuildConfiguration;
			baseConfigurationReference = 9226C6045BD810B57CB601B7 /* Pods.release.xcconfig */;
			buildSettings = {
				ALWAYS_SEARCH_USER_PATHS = NO;
				ASSETCATALOG_COMPILER_APPICON_NAME = AppIcon;
				CODE_SIGN_IDENTITY = "iPhone Developer";
				ENABLE_BITCODE = NO;
				FRAMEWORK_SEARCH_PATHS = "\"$(PODS_ROOT)/TesseractOCRiOS/Products\"/**";
				INFOPLIST_FILE = cameraTest/Info.plist;
				IPHONEOS_DEPLOYMENT_TARGET = 9.0;
				LD_RUNPATH_SEARCH_PATHS = "$(inherited) @executable_path/Frameworks";
				PRODUCT_BUNDLE_IDENTIFIER = "com.example.$(PRODUCT_NAME:rfc1034identifier)";
				PRODUCT_NAME = Splitr;
			};
			name = Release;
		};
		4CD4376A1A614149003D05C5 /* Debug */ = {
			isa = XCBuildConfiguration;
			buildSettings = {
				BUNDLE_LOADER = "$(TEST_HOST)";
				FRAMEWORK_SEARCH_PATHS = "$(inherited)";
				GCC_PREPROCESSOR_DEFINITIONS = (
					"DEBUG=1",
					"$(inherited)",
				);
				INFOPLIST_FILE = cameraTestTests/Info.plist;
				LD_RUNPATH_SEARCH_PATHS = "$(inherited) @executable_path/Frameworks @loader_path/Frameworks";
				PRODUCT_BUNDLE_IDENTIFIER = "MChen.$(PRODUCT_NAME:rfc1034identifier)";
				PRODUCT_NAME = SplitrTests;
				TEST_HOST = "$(BUILT_PRODUCTS_DIR)/Splitr.app/Splitr";
			};
			name = Debug;
		};
		4CD4376B1A614149003D05C5 /* Release */ = {
			isa = XCBuildConfiguration;
			buildSettings = {
				BUNDLE_LOADER = "$(TEST_HOST)";
				FRAMEWORK_SEARCH_PATHS = "$(inherited)";
				INFOPLIST_FILE = cameraTestTests/Info.plist;
				LD_RUNPATH_SEARCH_PATHS = "$(inherited) @executable_path/Frameworks @loader_path/Frameworks";
				PRODUCT_BUNDLE_IDENTIFIER = "MChen.$(PRODUCT_NAME:rfc1034identifier)";
				PRODUCT_NAME = SplitrTests;
				TEST_HOST = "$(BUILT_PRODUCTS_DIR)/Splitr.app/Splitr";
			};
			name = Release;
		};
/* End XCBuildConfiguration section */

/* Begin XCConfigurationList section */
		4CD4373E1A614149003D05C5 /* Build configuration list for PBXProject "Splitr" */ = {
			isa = XCConfigurationList;
			buildConfigurations = (
				4CD437641A614149003D05C5 /* Debug */,
				4CD437651A614149003D05C5 /* Release */,
			);
			defaultConfigurationIsVisible = 0;
			defaultConfigurationName = Release;
		};
		4CD437661A614149003D05C5 /* Build configuration list for PBXNativeTarget "Splitr" */ = {
			isa = XCConfigurationList;
			buildConfigurations = (
				4CD437671A614149003D05C5 /* Debug */,
				4CD437681A614149003D05C5 /* Release */,
			);
			defaultConfigurationIsVisible = 0;
			defaultConfigurationName = Release;
		};
		4CD437691A614149003D05C5 /* Build configuration list for PBXNativeTarget "SplitrTests" */ = {
			isa = XCConfigurationList;
			buildConfigurations = (
				4CD4376A1A614149003D05C5 /* Debug */,
				4CD4376B1A614149003D05C5 /* Release */,
			);
			defaultConfigurationIsVisible = 0;
			defaultConfigurationName = Release;
		};
/* End XCConfigurationList section */
	};
	rootObject = 4CD4373B1A614149003D05C5 /* Project object */;
}
